
Microsoft Visual Studio Solution File, Format Version 12.00
# Visual Studio Version 16
VisualStudioVersion = 16.0.30309.148
MinimumVisualStudioVersion = 10.0.40219.1
Project("{FAE04EC0-301F-11D3-BF4B-00C04F79EFBC}") = "spotlight", "spotlight.csproj", "{D2E4DF06-035E-4F7B-97C7-082509C77478}"
EndProject
Project("{FAE04EC0-301F-11D3-BF4B-00C04F79EFBC}") = "spotlight.Tests", "..\spotlight.Tests\spotlight.Tests.csproj", "{6AA50B9F-F64B-4C10-ABE3-DB4211FCCA2F}"
EndProject
Global
	GlobalSection(SolutionConfigurationPlatforms) = preSolution
		Debug|Any CPU = Debug|Any CPU
		Release|Any CPU = Release|Any CPU
	EndGlobalSection
	GlobalSection(ProjectConfigurationPlatforms) = postSolution
		{D2E4DF06-035E-4F7B-97C7-082509C77478}.Debug|Any CPU.ActiveCfg = Debug|Any CPU
		{D2E4DF06-035E-4F7B-97C7-082509C77478}.Debug|Any CPU.Build.0 = Debug|Any CPU
		{D2E4DF06-035E-4F7B-97C7-082509C77478}.Release|Any CPU.ActiveCfg = Release|Any CPU
		{D2E4DF06-035E-4F7B-97C7-082509C77478}.Release|Any CPU.Build.0 = Release|Any CPU
		{6AA50B9F-F64B-4C10-ABE3-DB4211FCCA2F}.Debug|Any CPU.ActiveCfg = Debug|Any CPU
		{6AA50B9F-F64B-4C10-ABE3-DB4211FCCA2F}.Debug|Any CPU.Build.0 = Debug|Any CPU
		{6AA50B9F-F64B-4C10-ABE3-DB4211FCCA2F}.Release|Any CPU.ActiveCfg = Release|Any CPU
		{6AA50B9F-F64B-4C10-ABE3-DB4211FCCA2F}.Release|Any CPU.Build.0 = Release|Any CPU
	EndGlobalSection
	GlobalSection(SolutionProperties) = preSolution
		HideSolutionNode = FALSE
	EndGlobalSection
	GlobalSection(ExtensibilityGlobals) = postSolution
		SolutionGuid = {E7516FAE-75D4-43C8-9D6A-7FEC944EA8DB}
	EndGlobalSection
EndGlobal
